{
  "version": 4,
  "terraform_version": "0.12.28",
  "serial": 118,
  "lineage": "59021827-012d-d287-1a70-6fc1eac5342a",
  "outputs": {
    "ip": {
      "value": "34.105.87.111",
      "type": "string"
    }
  },
  "resources": [
    {
      "mode": "managed",
      "type": "google_compute_address",
      "name": "static",
      "provider": "provider.google",
      "instances": [
        {
          "schema_version": 0,
          "attributes": {
            "address": "34.83.14.195",
            "address_type": "EXTERNAL",
            "creation_timestamp": "2020-07-03T15:06:05.248-07:00",
            "description": "",
            "id": "projects/ansible-terraform-282015/regions/us-west1/addresses/ipv4-address",
            "name": "ipv4-address",
            "network_tier": "PREMIUM",
            "project": "ansible-terraform-282015",
            "purpose": "",
            "region": "us-west1",
            "self_link": "https://www.googleapis.com/compute/v1/projects/ansible-terraform-282015/regions/us-west1/addresses/ipv4-address",
            "subnetwork": "",
            "timeouts": null,
            "users": [
              "https://www.googleapis.com/compute/v1/projects/ansible-terraform-282015/zones/us-west1-b/instances/terraform-instance-0"
            ]
          },
          "private": "eyJlMmJmYjczMC1lY2FhLTExZTYtOGY4OC0zNDM2M2JjN2M0YzAiOnsiY3JlYXRlIjoyNDAwMDAwMDAwMDAsImRlbGV0ZSI6MjQwMDAwMDAwMDAwfX0="
        }
      ]
    },
    {
      "mode": "managed",
      "type": "google_compute_address",
      "name": "vm_static_ip",
      "provider": "provider.google",
      "instances": [
        {
          "schema_version": 0,
          "attributes": {
            "address": "34.105.87.111",
            "address_type": "EXTERNAL",
            "creation_timestamp": "2020-07-03T13:55:51.135-07:00",
            "description": "",
            "id": "projects/ansible-terraform-282015/regions/us-west1/addresses/terraform-static-ip",
            "name": "terraform-static-ip",
            "network_tier": "PREMIUM",
            "project": "ansible-terraform-282015",
            "purpose": "",
            "region": "us-west1",
            "self_link": "https://www.googleapis.com/compute/v1/projects/ansible-terraform-282015/regions/us-west1/addresses/terraform-static-ip",
            "subnetwork": "",
            "timeouts": null,
            "users": []
          },
          "private": "eyJlMmJmYjczMC1lY2FhLTExZTYtOGY4OC0zNDM2M2JjN2M0YzAiOnsiY3JlYXRlIjoyNDAwMDAwMDAwMDAsImRlbGV0ZSI6MjQwMDAwMDAwMDAwfX0="
        }
      ]
    },
    {
      "mode": "managed",
      "type": "google_compute_firewall",
      "name": "default",
      "provider": "provider.google",
      "instances": [
        {
          "schema_version": 1,
          "attributes": {
            "allow": [
              {
                "ports": [
                  "5000"
                ],
                "protocol": "tcp"
              }
            ],
            "creation_timestamp": "2020-07-03T13:55:50.979-07:00",
            "deny": [],
            "description": "",
            "destination_ranges": [],
            "direction": "INGRESS",
            "disabled": false,
            "enable_logging": false,
            "id": "projects/ansible-terraform-282015/global/firewalls/flask-app-firewall",
            "name": "flask-app-firewall",
            "network": "https://www.googleapis.com/compute/v1/projects/ansible-terraform-282015/global/networks/default",
            "priority": 1000,
            "project": "ansible-terraform-282015",
            "self_link": "https://www.googleapis.com/compute/v1/projects/ansible-terraform-282015/global/firewalls/flask-app-firewall",
            "source_ranges": [
              "0.0.0.0/0"
            ],
            "source_service_accounts": [],
            "source_tags": [],
            "target_service_accounts": [],
            "target_tags": [],
            "timeouts": null
          },
          "private": "eyJlMmJmYjczMC1lY2FhLTExZTYtOGY4OC0zNDM2M2JjN2M0YzAiOnsiY3JlYXRlIjoyNDAwMDAwMDAwMDAsImRlbGV0ZSI6MjQwMDAwMDAwMDAwLCJ1cGRhdGUiOjI0MDAwMDAwMDAwMH0sInNjaGVtYV92ZXJzaW9uIjoiMSJ9"
        }
      ]
    },
    {
      "mode": "managed",
      "type": "google_compute_instance",
      "name": "vm_instance",
      "each": "list",
      "provider": "provider.google",
      "instances": [
        {
          "index_key": 0,
          "schema_version": 6,
          "attributes": {
            "allow_stopping_for_update": null,
            "attached_disk": [],
            "boot_disk": [
              {
                "auto_delete": true,
                "device_name": "persistent-disk-0",
                "disk_encryption_key_raw": "",
                "disk_encryption_key_sha256": "",
                "initialize_params": [
                  {
                    "image": "https://www.googleapis.com/compute/v1/projects/ubuntu-os-cloud/global/images/ubuntu-1804-bionic-v20200701",
                    "labels": {},
                    "size": 10,
                    "type": "pd-standard"
                  }
                ],
                "kms_key_self_link": "",
                "mode": "READ_WRITE",
                "source": "https://www.googleapis.com/compute/v1/projects/ansible-terraform-282015/zones/us-west1-b/disks/terraform-instance-0"
              }
            ],
            "can_ip_forward": false,
            "cpu_platform": "Intel Broadwell",
            "deletion_protection": false,
            "description": "",
            "enable_display": false,
            "guest_accelerator": [],
            "hostname": "",
            "id": "projects/ansible-terraform-282015/zones/us-west1-b/instances/terraform-instance-0",
            "instance_id": "4550654122987233805",
            "label_fingerprint": "42WmSpB8rSM=",
            "labels": {},
            "machine_type": "f1-micro",
            "metadata": {
              "ssh-keys": "tennisonyu:ssh-rsa AAAAB3NzaC1yc2EAAAADAQABAAACAQDVZffrSUS76BX9Y0xecaiLsmJbxBDtDUeG0s9+QgqGY6b2yiiTSlSZuE5fNATKwDcej8FstfcQyuu65v2eC54gl6nx7klrmJ7k+DhMluMa19ek+UO7NSbIs5PMYwiWdBfJ6cEgcNYPvtvQseNdstSdGFo0vrp8QrpGwy7jXZWm18GdAAJyP5kgi/jbSP3Pg9BbL2sQVIx6aiO9HbVdtobxzKkgJQohxkDVswbClaSRW1xO62z9jK2qUr8/Q/aXZLAkIh6wyM0huTh8sJ6QJlcN0H3f1omKrDPiSLIkJpYDS2NH7regrGXH5KXQvFKeTCW7Pgpc3VqU3zSvr29BGyygUUvNfVIRz/0a8nRwY1FijO9LFlWnQrUgytn0/IURkBamncWY4/G/PFBo0CPfMHtdphw1fxUG5D1AON+6MuHqPsH9npxRr281AALAL05NvtiM3OrnWQV8HfUKDx2sR1f5v1wQtayz0F4SlemXrl8pYbKkw9R5y1cDoALHVnDkPCWQ9ncoeTkIvExbs83JiMmLk7K7fpNBEJB7fYIdsuUwqW94rO5X71SxEMflpVPYamToSkoE3yBtaxIMaM0UvpM1eyZQSBB4cYS9H3r1WhbF6FHZL36CHcViztfklk24rbEZhLX9ZSv8Y3QhAtagx8cKDT6TF6T5Dgwr5fJQe/rLcQ== macfvfydackhv29@tyu.local\n"
            },
            "metadata_fingerprint": "k5zK-MouSAs=",
            "metadata_startup_script": "sudo apt-get update; sudo apt-get install -yq build-essential python-pip rsync; pip install flask",
            "min_cpu_platform": "",
            "name": "terraform-instance-0",
            "network_interface": [
              {
                "access_config": [
                  {
                    "nat_ip": "34.83.14.195",
                    "network_tier": "PREMIUM",
                    "public_ptr_domain_name": ""
                  }
                ],
                "alias_ip_range": [],
                "name": "nic0",
                "network": "https://www.googleapis.com/compute/v1/projects/ansible-terraform-282015/global/networks/default",
                "network_ip": "10.138.0.18",
                "subnetwork": "https://www.googleapis.com/compute/v1/projects/ansible-terraform-282015/regions/us-west1/subnetworks/default",
                "subnetwork_project": "ansible-terraform-282015"
              }
            ],
            "project": "ansible-terraform-282015",
            "scheduling": [
              {
                "automatic_restart": true,
                "node_affinities": [],
                "on_host_maintenance": "MIGRATE",
                "preemptible": false
              }
            ],
            "scratch_disk": [],
            "self_link": "https://www.googleapis.com/compute/v1/projects/ansible-terraform-282015/zones/us-west1-b/instances/terraform-instance-0",
            "service_account": [],
            "shielded_instance_config": [
              {
                "enable_integrity_monitoring": true,
                "enable_secure_boot": false,
                "enable_vtpm": true
              }
            ],
            "tags": [
              "dev",
              "http-server",
              "https-server",
              "web"
            ],
            "tags_fingerprint": "f-hevLBeYNM=",
            "timeouts": null,
            "zone": "us-west1-b"
          },
          "private": "eyJlMmJmYjczMC1lY2FhLTExZTYtOGY4OC0zNDM2M2JjN2M0YzAiOnsiY3JlYXRlIjoxMjAwMDAwMDAwMDAwLCJkZWxldGUiOjEyMDAwMDAwMDAwMDAsInVwZGF0ZSI6MTIwMDAwMDAwMDAwMH0sInNjaGVtYV92ZXJzaW9uIjoiNiJ9",
          "dependencies": [
            "google_compute_address.static"
          ]
        },
        {
          "index_key": 1,
          "schema_version": 6,
          "attributes": {
            "allow_stopping_for_update": null,
            "attached_disk": [],
            "boot_disk": [
              {
                "auto_delete": true,
                "device_name": "persistent-disk-0",
                "disk_encryption_key_raw": "",
                "disk_encryption_key_sha256": "",
                "initialize_params": [
                  {
                    "image": "https://www.googleapis.com/compute/v1/projects/ubuntu-os-cloud/global/images/ubuntu-1804-bionic-v20200701",
                    "labels": {},
                    "size": 10,
                    "type": "pd-standard"
                  }
                ],
                "kms_key_self_link": "",
                "mode": "READ_WRITE",
                "source": "https://www.googleapis.com/compute/v1/projects/ansible-terraform-282015/zones/us-west1-b/disks/terraform-instance-1"
              }
            ],
            "can_ip_forward": false,
            "cpu_platform": "Intel Broadwell",
            "deletion_protection": false,
            "description": "",
            "enable_display": false,
            "guest_accelerator": [],
            "hostname": "",
            "id": "projects/ansible-terraform-282015/zones/us-west1-b/instances/terraform-instance-1",
            "instance_id": "7364460577836638733",
            "label_fingerprint": "42WmSpB8rSM=",
            "labels": {},
            "machine_type": "f1-micro",
            "metadata": {
              "ssh-keys": "tennisonyu:ssh-rsa AAAAB3NzaC1yc2EAAAADAQABAAACAQDVZffrSUS76BX9Y0xecaiLsmJbxBDtDUeG0s9+QgqGY6b2yiiTSlSZuE5fNATKwDcej8FstfcQyuu65v2eC54gl6nx7klrmJ7k+DhMluMa19ek+UO7NSbIs5PMYwiWdBfJ6cEgcNYPvtvQseNdstSdGFo0vrp8QrpGwy7jXZWm18GdAAJyP5kgi/jbSP3Pg9BbL2sQVIx6aiO9HbVdtobxzKkgJQohxkDVswbClaSRW1xO62z9jK2qUr8/Q/aXZLAkIh6wyM0huTh8sJ6QJlcN0H3f1omKrDPiSLIkJpYDS2NH7regrGXH5KXQvFKeTCW7Pgpc3VqU3zSvr29BGyygUUvNfVIRz/0a8nRwY1FijO9LFlWnQrUgytn0/IURkBamncWY4/G/PFBo0CPfMHtdphw1fxUG5D1AON+6MuHqPsH9npxRr281AALAL05NvtiM3OrnWQV8HfUKDx2sR1f5v1wQtayz0F4SlemXrl8pYbKkw9R5y1cDoALHVnDkPCWQ9ncoeTkIvExbs83JiMmLk7K7fpNBEJB7fYIdsuUwqW94rO5X71SxEMflpVPYamToSkoE3yBtaxIMaM0UvpM1eyZQSBB4cYS9H3r1WhbF6FHZL36CHcViztfklk24rbEZhLX9ZSv8Y3QhAtagx8cKDT6TF6T5Dgwr5fJQe/rLcQ== macfvfydackhv29@tyu.local\n"
            },
            "metadata_fingerprint": "k5zK-MouSAs=",
            "metadata_startup_script": "sudo apt-get update; sudo apt-get install -yq build-essential python-pip rsync; pip install flask",
            "min_cpu_platform": "",
            "name": "terraform-instance-1",
            "network_interface": [
              {
                "access_config": [
                  {
                    "nat_ip": "35.247.21.104",
                    "network_tier": "PREMIUM",
                    "public_ptr_domain_name": ""
                  }
                ],
                "alias_ip_range": [],
                "name": "nic0",
                "network": "https://www.googleapis.com/compute/v1/projects/ansible-terraform-282015/global/networks/default",
                "network_ip": "10.138.0.17",
                "subnetwork": "https://www.googleapis.com/compute/v1/projects/ansible-terraform-282015/regions/us-west1/subnetworks/default",
                "subnetwork_project": "ansible-terraform-282015"
              }
            ],
            "project": "ansible-terraform-282015",
            "scheduling": [
              {
                "automatic_restart": true,
                "node_affinities": [],
                "on_host_maintenance": "MIGRATE",
                "preemptible": false
              }
            ],
            "scratch_disk": [],
            "self_link": "https://www.googleapis.com/compute/v1/projects/ansible-terraform-282015/zones/us-west1-b/instances/terraform-instance-1",
            "service_account": [],
            "shielded_instance_config": [
              {
                "enable_integrity_monitoring": true,
                "enable_secure_boot": false,
                "enable_vtpm": true
              }
            ],
            "tags": [
              "dev",
              "http-server",
              "https-server",
              "web"
            ],
            "tags_fingerprint": "f-hevLBeYNM=",
            "timeouts": null,
            "zone": "us-west1-b"
          },
          "private": "eyJlMmJmYjczMC1lY2FhLTExZTYtOGY4OC0zNDM2M2JjN2M0YzAiOnsiY3JlYXRlIjoxMjAwMDAwMDAwMDAwLCJkZWxldGUiOjEyMDAwMDAwMDAwMDAsInVwZGF0ZSI6MTIwMDAwMDAwMDAwMH0sInNjaGVtYV92ZXJzaW9uIjoiNiJ9"
        }
      ]
    }
  ]
}
